
Microsoft Visual Studio Solution File, Format Version 12.00
# Visual Studio Version 17
VisualStudioVersion = 17.4.33213.308
MinimumVisualStudioVersion = 10.0.40219.1
Project("{FAE04EC0-301F-11D3-BF4B-00C04F79EFBC}") = "PROG6212_POE", "PROG6212_POE.csproj", "{3684A5A7-88B0-42F3-A92C-180E20531118}"
EndProject
Global
	GlobalSection(SolutionConfigurationPlatforms) = preSolution
		Debug|Any CPU = Debug|Any CPU
		Release|Any CPU = Release|Any CPU
	EndGlobalSection
	GlobalSection(ProjectConfigurationPlatforms) = postSolution
		{3684A5A7-88B0-42F3-A92C-180E20531118}.Debug|Any CPU.ActiveCfg = Debug|Any CPU
		{3684A5A7-88B0-42F3-A92C-180E20531118}.Debug|Any CPU.Build.0 = Debug|Any CPU
		{3684A5A7-88B0-42F3-A92C-180E20531118}.Release|Any CPU.ActiveCfg = Release|Any CPU
		{3684A5A7-88B0-42F3-A92C-180E20531118}.Release|Any CPU.Build.0 = Release|Any CPU
	EndGlobalSection
	GlobalSection(SolutionProperties) = preSolution
		HideSolutionNode = FALSE
	EndGlobalSection
	GlobalSection(ExtensibilityGlobals) = postSolution
		SolutionGuid = {82EBE9E7-011C-4462-9813-FF8DD598E517}
	EndGlobalSection
EndGlobal
